
Microsoft Visual Studio Solution File, Format Version 12.00
# Visual Studio Version 17
VisualStudioVersion = 17.9.34728.123
MinimumVisualStudioVersion = 10.0.40219.1
Project("{9A19103F-16F7-4668-BE54-9A1E7A4F7556}") = "Stores.Web", "Stores.Web\Stores.Web.csproj", "{18D31EF5-12AF-4CD3-87DC-2C88D3779A7A}"
EndProject
Project("{9A19103F-16F7-4668-BE54-9A1E7A4F7556}") = "Stores.Reposatory", "Stores.Reposatory\Stores.Reposatory.csproj", "{94C05F65-C486-4BEF-B094-A5A312C173ED}"
EndProject
Project("{9A19103F-16F7-4668-BE54-9A1E7A4F7556}") = "Stores.Data", "Stores.Data\Stores.Data.csproj", "{0251437F-92BE-4DF1-AEE0-96DBDF6695F2}"
EndProject
Project("{9A19103F-16F7-4668-BE54-9A1E7A4F7556}") = "Stores.Services", "Stores.Services\Stores.Services.csproj", "{4714DD08-7394-451D-B73D-920969DAA151}"
EndProject
Global
	GlobalSection(SolutionConfigurationPlatforms) = preSolution
		Debug|Any CPU = Debug|Any CPU
		Release|Any CPU = Release|Any CPU
	EndGlobalSection
	GlobalSection(ProjectConfigurationPlatforms) = postSolution
		{18D31EF5-12AF-4CD3-87DC-2C88D3779A7A}.Debug|Any CPU.ActiveCfg = Debug|Any CPU
		{18D31EF5-12AF-4CD3-87DC-2C88D3779A7A}.Debug|Any CPU.Build.0 = Debug|Any CPU
		{18D31EF5-12AF-4CD3-87DC-2C88D3779A7A}.Release|Any CPU.ActiveCfg = Release|Any CPU
		{18D31EF5-12AF-4CD3-87DC-2C88D3779A7A}.Release|Any CPU.Build.0 = Release|Any CPU
		{94C05F65-C486-4BEF-B094-A5A312C173ED}.Debug|Any CPU.ActiveCfg = Debug|Any CPU
		{94C05F65-C486-4BEF-B094-A5A312C173ED}.Debug|Any CPU.Build.0 = Debug|Any CPU
		{94C05F65-C486-4BEF-B094-A5A312C173ED}.Release|Any CPU.ActiveCfg = Release|Any CPU
		{94C05F65-C486-4BEF-B094-A5A312C173ED}.Release|Any CPU.Build.0 = Release|Any CPU
		{0251437F-92BE-4DF1-AEE0-96DBDF6695F2}.Debug|Any CPU.ActiveCfg = Debug|Any CPU
		{0251437F-92BE-4DF1-AEE0-96DBDF6695F2}.Debug|Any CPU.Build.0 = Debug|Any CPU
		{0251437F-92BE-4DF1-AEE0-96DBDF6695F2}.Release|Any CPU.ActiveCfg = Release|Any CPU
		{0251437F-92BE-4DF1-AEE0-96DBDF6695F2}.Release|Any CPU.Build.0 = Release|Any CPU
		{4714DD08-7394-451D-B73D-920969DAA151}.Debug|Any CPU.ActiveCfg = Debug|Any CPU
		{4714DD08-7394-451D-B73D-920969DAA151}.Debug|Any CPU.Build.0 = Debug|Any CPU
		{4714DD08-7394-451D-B73D-920969DAA151}.Release|Any CPU.ActiveCfg = Release|Any CPU
		{4714DD08-7394-451D-B73D-920969DAA151}.Release|Any CPU.Build.0 = Release|Any CPU
	EndGlobalSection
	GlobalSection(SolutionProperties) = preSolution
		HideSolutionNode = FALSE
	EndGlobalSection
	GlobalSection(ExtensibilityGlobals) = postSolution
		SolutionGuid = {6E770571-11DE-4FEE-AE3E-18952C1581A7}
	EndGlobalSection
EndGlobal
